
Microsoft Visual Studio Solution File, Format Version 12.00
# Visual Studio Version 16
VisualStudioVersion = 16.0.30114.105
MinimumVisualStudioVersion = 10.0.40219.1
Project("{FAE04EC0-301F-11D3-BF4B-00C04F79EFBC}") = "Riimut", "src\Riimut.csproj", "{2CAF3CC2-A633-4C80-B076-909C5D213FE9}"
EndProject
Project("{FAE04EC0-301F-11D3-BF4B-00C04F79EFBC}") = "RiimutTest", "tests\RiimutTest.csproj", "{1D10B850-966B-4D87-BCCA-68E48DD1B2EC}"
EndProject
Global
	GlobalSection(SolutionConfigurationPlatforms) = preSolution
		Debug|Any CPU = Debug|Any CPU
		Debug|x64 = Debug|x64
		Debug|x86 = Debug|x86
		Release|Any CPU = Release|Any CPU
		Release|x64 = Release|x64
		Release|x86 = Release|x86
	EndGlobalSection
	GlobalSection(SolutionProperties) = preSolution
		HideSolutionNode = FALSE
	EndGlobalSection
	GlobalSection(ProjectConfigurationPlatforms) = postSolution
		{2CAF3CC2-A633-4C80-B076-909C5D213FE9}.Debug|Any CPU.ActiveCfg = Debug|Any CPU
		{2CAF3CC2-A633-4C80-B076-909C5D213FE9}.Debug|Any CPU.Build.0 = Debug|Any CPU
		{2CAF3CC2-A633-4C80-B076-909C5D213FE9}.Debug|x64.ActiveCfg = Debug|Any CPU
		{2CAF3CC2-A633-4C80-B076-909C5D213FE9}.Debug|x64.Build.0 = Debug|Any CPU
		{2CAF3CC2-A633-4C80-B076-909C5D213FE9}.Debug|x86.ActiveCfg = Debug|Any CPU
		{2CAF3CC2-A633-4C80-B076-909C5D213FE9}.Debug|x86.Build.0 = Debug|Any CPU
		{2CAF3CC2-A633-4C80-B076-909C5D213FE9}.Release|Any CPU.ActiveCfg = Release|Any CPU
		{2CAF3CC2-A633-4C80-B076-909C5D213FE9}.Release|Any CPU.Build.0 = Release|Any CPU
		{2CAF3CC2-A633-4C80-B076-909C5D213FE9}.Release|x64.ActiveCfg = Release|Any CPU
		{2CAF3CC2-A633-4C80-B076-909C5D213FE9}.Release|x64.Build.0 = Release|Any CPU
		{2CAF3CC2-A633-4C80-B076-909C5D213FE9}.Release|x86.ActiveCfg = Release|Any CPU
		{2CAF3CC2-A633-4C80-B076-909C5D213FE9}.Release|x86.Build.0 = Release|Any CPU
		{1D10B850-966B-4D87-BCCA-68E48DD1B2EC}.Debug|Any CPU.ActiveCfg = Debug|Any CPU
		{1D10B850-966B-4D87-BCCA-68E48DD1B2EC}.Debug|Any CPU.Build.0 = Debug|Any CPU
		{1D10B850-966B-4D87-BCCA-68E48DD1B2EC}.Debug|x64.ActiveCfg = Debug|Any CPU
		{1D10B850-966B-4D87-BCCA-68E48DD1B2EC}.Debug|x64.Build.0 = Debug|Any CPU
		{1D10B850-966B-4D87-BCCA-68E48DD1B2EC}.Debug|x86.ActiveCfg = Debug|Any CPU
		{1D10B850-966B-4D87-BCCA-68E48DD1B2EC}.Debug|x86.Build.0 = Debug|Any CPU
		{1D10B850-966B-4D87-BCCA-68E48DD1B2EC}.Release|Any CPU.ActiveCfg = Release|Any CPU
		{1D10B850-966B-4D87-BCCA-68E48DD1B2EC}.Release|Any CPU.Build.0 = Release|Any CPU
		{1D10B850-966B-4D87-BCCA-68E48DD1B2EC}.Release|x64.ActiveCfg = Release|Any CPU
		{1D10B850-966B-4D87-BCCA-68E48DD1B2EC}.Release|x64.Build.0 = Release|Any CPU
		{1D10B850-966B-4D87-BCCA-68E48DD1B2EC}.Release|x86.ActiveCfg = Release|Any CPU
		{1D10B850-966B-4D87-BCCA-68E48DD1B2EC}.Release|x86.Build.0 = Release|Any CPU
	EndGlobalSection
EndGlobal
